<?xml version="1.0" encoding="utf-8"?>
<Project ToolsVersion="4.0" xmlns="http://schemas.microsoft.com/developer/msbuild/2003">
  <ItemGroup>
    <ClCompile Include="main.cpp" />
    <ClCompile Include="Cryptography/Cryptography.cpp">
      <Filter>Cryptography</Filter>
    </ClCompile>
    <ClCompile Include="Database/DatabaseManager.cpp">
      <Filter>Database</Filter>
    </ClCompile>
    <ClCompile Include="Game/Accounts/Account.cpp">
      <Filter>Game\Accounts</Filter>
    </ClCompile>
    <ClCompile Include="Network/Network.cpp">
      <Filter>Network</Filter>
    </ClCompile>
    <ClCompile Include="Network/Connection.cpp">
      <Filter>Network</Filter>
    </ClCompile>
    <ClCompile Include="Network/Client.cpp">
      <Filter>Network</Filter>
    </ClCompile>
    <ClCompile Include="Engine.cpp" />
    <ClCompile Include="Game/Accounts/Character/OwnCharacter.cpp">
      <Filter>Game\Accounts\Character</Filter>
    </ClCompile>
    <ClCompile Include="Configuration/ServerConfiguration.cpp">
      <Filter>Configuration</Filter>
    </ClCompile>
    <ClCompile Include="Configuration\XpConfiguration.cpp">
      <Filter>Configuration</Filter>
    </ClCompile>
    <ClCompile Include="Configuration\CharStatsConfiguration.cpp">
      <Filter>Configuration</Filter>
    </ClCompile>
    <ClCompile Include="Game\Accounts\Character\Attributes\Inventory\SubInventory.cpp">
      <Filter>Game\Accounts\Character\Attributes\Inventory</Filter>
    </ClCompile>
    <ClCompile Include="Game\Accounts\Character\Attributes\Inventory\Inventory.cpp">
      <Filter>Game\Accounts\Character\Attributes\Inventory</Filter>
    </ClCompile>
    <ClCompile Include="Game\Accounts\Character\Attributes\Inventory\Item.cpp">
      <Filter>Game\Accounts\Character\Attributes\Inventory</Filter>
    </ClCompile>
    <ClCompile Include="Game\Accounts\Character\Attributes\Inventory\WornStuff.cpp">
      <Filter>Game\Accounts\Character\Attributes\Inventory</Filter>
    </ClCompile>
    <ClCompile Include="Configuration\GameFiles\ItemDatParser.cpp">
      <Filter>Configuration\GameFiles</Filter>
    </ClCompile>
    <ClCompile Include="Game\Accounts\Character\Attributes\Inventory\Shell.cpp">
      <Filter>Game\Accounts\Character\Attributes\Inventory\ShellAndEnhancement</Filter>
    </ClCompile>
    <ClCompile Include="Game\Accounts\Character\Attributes\Inventory\Enhancement.cpp">
      <Filter>Game\Accounts\Character\Attributes\Inventory\ShellAndEnhancement</Filter>
    </ClCompile>
    <ClCompile Include="World\Map\Map.cpp">
      <Filter>World\Map</Filter>
    </ClCompile>
    <ClCompile Include="Game\Entities\Monster.cpp">
      <Filter>Game\Entities</Filter>
    </ClCompile>
    <ClCompile Include="Game\Entities\Portal.cpp">
      <Filter>Game\Entities</Filter>
    </ClCompile>
    <ClCompile Include="World\World.cpp">
      <Filter>World</Filter>
    </ClCompile>
    <ClCompile Include="Configuration\GameFiles\MonsterDatParser.cpp" />
  </ItemGroup>
  <ItemGroup>
    <Filter Include="Network">
      <UniqueIdentifier>{577eee66-1bdc-481d-b259-fe6723000353}</UniqueIdentifier>
    </Filter>
    <Filter Include="Cryptography">
      <UniqueIdentifier>{f2d0b93e-4b98-4ba6-b2e6-c332f98f645b}</UniqueIdentifier>
    </Filter>
    <Filter Include="Network\Packets">
      <UniqueIdentifier>{2cea822d-444a-47db-adda-81a435d680a0}</UniqueIdentifier>
    </Filter>
    <Filter Include="Network\Packets\Server">
      <UniqueIdentifier>{f84217bf-4b49-458d-9fab-b98c18b25c88}</UniqueIdentifier>
    </Filter>
    <Filter Include="Network\Packets\Client">
      <UniqueIdentifier>{1445362a-9fb8-4a8a-b844-01eedd78671d}</UniqueIdentifier>
    </Filter>
    <Filter Include="Game">
      <UniqueIdentifier>{0b8c1077-747d-40df-ae07-fb95ff565070}</UniqueIdentifier>
    </Filter>
    <Filter Include="Game\Accounts">
      <UniqueIdentifier>{6f3e6ed9-cd01-4e3b-aee4-deae20eadf3b}</UniqueIdentifier>
    </Filter>
    <Filter Include="Database">
      <UniqueIdentifier>{fd3ac31e-99c1-49a3-892f-7004cd8d33b0}</UniqueIdentifier>
    </Filter>
    <Filter Include="Game\Accounts\LobbyCharacters">
      <UniqueIdentifier>{ebc17232-a2a4-4693-8323-5dab6b7e6d19}</UniqueIdentifier>
    </Filter>
    <Filter Include="Network\Packets\Client\Lobby">
      <UniqueIdentifier>{62c8a272-1e67-4ce7-9eca-8bb91b07c27d}</UniqueIdentifier>
    </Filter>
    <Filter Include="Network\Packets\Server\Messages">
      <UniqueIdentifier>{b767a54b-d6a2-4ac9-97fe-78b7cfd2a4c5}</UniqueIdentifier>
    </Filter>
    <Filter Include="Network\Packets\Server\Lobby">
      <UniqueIdentifier>{07f88c57-b688-45dc-a710-455ef1371d75}</UniqueIdentifier>
    </Filter>
    <Filter Include="Game\Types">
      <UniqueIdentifier>{d6d58e8f-329f-477e-900b-9581f78e7a5d}</UniqueIdentifier>
    </Filter>
    <Filter Include="Network\Packets\Server\Character">
      <UniqueIdentifier>{7e06fdf7-a24d-458c-89d4-385cee09b21e}</UniqueIdentifier>
    </Filter>
    <Filter Include="Game\Accounts\Character">
      <UniqueIdentifier>{20dfe633-32b1-4919-a0e9-5882811dc12a}</UniqueIdentifier>
    </Filter>
    <Filter Include="Game\Accounts\Character\Attributes">
      <UniqueIdentifier>{cd5c83c2-dbe6-42f4-b13b-c3f4f4547db3}</UniqueIdentifier>
    </Filter>
    <Filter Include="Game\UIManager">
      <UniqueIdentifier>{4e32bb52-0a8c-4c5a-b671-fbab6024db8e}</UniqueIdentifier>
    </Filter>
    <Filter Include="Network\Packets\Server\UI">
      <UniqueIdentifier>{370c9494-9f79-4219-9771-60698c5410cb}</UniqueIdentifier>
    </Filter>
    <Filter Include="Network\Packets\Server\Map">
      <UniqueIdentifier>{563fcf66-2066-4db9-a8fc-f6ace9faaccc}</UniqueIdentifier>
    </Filter>
    <Filter Include="Game\UIManager\Ladder">
      <UniqueIdentifier>{fe08adfb-cd2c-4336-9c0d-cd5af5dc6b63}</UniqueIdentifier>
    </Filter>
    <Filter Include="Network\Packets\Server\UI\Ladder">
      <UniqueIdentifier>{adb726e8-0a72-4709-81f0-8429862851b0}</UniqueIdentifier>
    </Filter>
    <Filter Include="Configuration">
      <UniqueIdentifier>{3d54db64-1744-4816-832a-a57bab0e37e4}</UniqueIdentifier>
    </Filter>
    <Filter Include="Game\Accounts\Character\Attributes\Inventory">
      <UniqueIdentifier>{6951172c-326a-484f-b664-54c743dc01ef}</UniqueIdentifier>
    </Filter>
    <Filter Include="Network\Packets\Server\Character\Inventory">
      <UniqueIdentifier>{6e749a8f-6838-4698-9ce5-17d0f0e4306d}</UniqueIdentifier>
    </Filter>
    <Filter Include="Configuration\GameFiles">
      <UniqueIdentifier>{3dc81735-cd0d-40cb-9a63-3c7a1b65f016}</UniqueIdentifier>
    </Filter>
    <Filter Include="Game\Accounts\Character\Attributes\Inventory\ShellAndEnhancement">
      <UniqueIdentifier>{a84eafbf-b2ea-4b84-a939-6ba9c012f045}</UniqueIdentifier>
    </Filter>
    <Filter Include="Network\Packets\Client\Inventory">
      <UniqueIdentifier>{bfdd69bb-d625-495a-b37f-2c8e956c138c}</UniqueIdentifier>
    </Filter>
    <Filter Include="World">
      <UniqueIdentifier>{ffe6d984-cb33-4188-ab2d-7b9488cd082e}</UniqueIdentifier>
    </Filter>
    <Filter Include="World\Map">
      <UniqueIdentifier>{60be1562-b1cc-4e4d-8594-2ff9ce8000b1}</UniqueIdentifier>
    </Filter>
    <Filter Include="Game\Entities">
      <UniqueIdentifier>{9b7106af-4804-4126-a591-5e3bbca652f1}</UniqueIdentifier>
    </Filter>
    <Filter Include="Network\Packets\Client\Map">
      <UniqueIdentifier>{42021e81-a539-47a8-9c33-f6e2969a9760}</UniqueIdentifier>
    </Filter>
    <Filter Include="Pathfinding">
      <UniqueIdentifier>{792fd462-224a-43c0-b95f-19fb328bf35c}</UniqueIdentifier>
    </Filter>
  </ItemGroup>
  <ItemGroup>
    <ClInclude Include="Utils.h" />
    <ClInclude Include="ForbiddenString.h" />
    <ClInclude Include="Conststring.h" />
    <ClInclude Include="Cryptography/Cryptography.h">
      <Filter>Cryptography</Filter>
    </ClInclude>
    <ClInclude Include="Database/Requests.h">
      <Filter>Database</Filter>
    </ClInclude>
    <ClInclude Include="Database/DatabaseManager.h">
      <Filter>Database</Filter>
    </ClInclude>
    <ClInclude Include="Game/Accounts/Account.h">
      <Filter>Game\Accounts</Filter>
    </ClInclude>
    <ClInclude Include="Network/Packets/BaseClientPacket.h">
      <Filter>Network\Packets</Filter>
    </ClInclude>
    <ClInclude Include="Network/Packets/BaseServerPacket.h">
      <Filter>Network\Packets</Filter>
    </ClInclude>
    <ClInclude Include="Network/Packets/Client/Lobby/R_UsernamePacket.h">
      <Filter>Network\Packets\Client\Lobby</Filter>
    </ClInclude>
    <ClInclude Include="Network/Packets/Client/Lobby/R_Char_DEL.h">
      <Filter>Network\Packets\Client\Lobby</Filter>
    </ClInclude>
    <ClInclude Include="Network/Packets/Client/Lobby/R_Char_NEW.h">
      <Filter>Network\Packets\Client\Lobby</Filter>
    </ClInclude>
    <ClInclude Include="Network/Packets/Client/Lobby/R_Char_NEW_JOB.h">
      <Filter>Network\Packets\Client\Lobby</Filter>
    </ClInclude>
    <ClInclude Include="Network/Packets/Client/Lobby/R_Char_REN.h">
      <Filter>Network\Packets\Client\Lobby</Filter>
    </ClInclude>
    <ClInclude Include="Network/Packets/Client/Lobby/R_PasswordPacket.h">
      <Filter>Network\Packets\Client\Lobby</Filter>
    </ClInclude>
    <ClInclude Include="Network/Packets/Client/Lobby/R_select.h">
      <Filter>Network\Packets\Client\Lobby</Filter>
    </ClInclude>
    <ClInclude Include="Network/Packets/Server/Lobby/S_success.h">
      <Filter>Network\Packets\Server\Lobby</Filter>
    </ClInclude>
    <ClInclude Include="Network/Packets/Server/Lobby/S_OK.h">
      <Filter>Network\Packets\Server\Lobby</Filter>
    </ClInclude>
    <ClInclude Include="Network/Packets/Server/Lobby/S_clist_start.h">
      <Filter>Network\Packets\Server\Lobby</Filter>
    </ClInclude>
    <ClInclude Include="Network/Packets/Server/Lobby/S_clist.h">
      <Filter>Network\Packets\Server\Lobby</Filter>
    </ClInclude>
    <ClInclude Include="Network/Packets/Server/Lobby/S_clist_end.h">
      <Filter>Network\Packets\Server\Lobby</Filter>
    </ClInclude>
    <ClInclude Include="Network/Packets/Server/Messages/S_infoi.h">
      <Filter>Network\Packets\Server\Messages</Filter>
    </ClInclude>
    <ClInclude Include="Network/Network.h">
      <Filter>Network</Filter>
    </ClInclude>
    <ClInclude Include="Network/Connection.h">
      <Filter>Network</Filter>
    </ClInclude>
    <ClInclude Include="Network/Client.h">
      <Filter>Network</Filter>
    </ClInclude>
    <ClInclude Include="Game/Types/LangType.h">
      <Filter>Game\Types</Filter>
    </ClInclude>
    <ClInclude Include="Game/Types/HairStyleType.h">
      <Filter>Game\Types</Filter>
    </ClInclude>
    <ClInclude Include="Game/Types/GenderType.h">
      <Filter>Game\Types</Filter>
    </ClInclude>
    <ClInclude Include="Game/Types/ClassType.h">
      <Filter>Game\Types</Filter>
    </ClInclude>
    <ClInclude Include="Engine.h" />
    <ClInclude Include="Game/Accounts/LobbyCharacters/LobbyCharacter.h">
      <Filter>Game\Accounts\LobbyCharacters</Filter>
    </ClInclude>
    <ClInclude Include="Network\Packets\Client\R_game_start.h">
      <Filter>Network\Packets\Client</Filter>
    </ClInclude>
    <ClInclude Include="Network\Packets\Server\Messages\S_tit.h">
      <Filter>Network\Packets\Server\Messages</Filter>
    </ClInclude>
    <ClInclude Include="Game\Types\ReputationType.h">
      <Filter>Game\Types</Filter>
    </ClInclude>
    <ClInclude Include="Game\Types\DignityType.h">
      <Filter>Game\Types</Filter>
    </ClInclude>
    <ClInclude Include="Network\Packets\Server\Character\S_fd.h">
      <Filter>Network\Packets\Server\Character</Filter>
    </ClInclude>
    <ClInclude Include="Game/Accounts/Character/OwnCharacter.h">
      <Filter>Game\Accounts\Character</Filter>
    </ClInclude>
    <ClInclude Include="Game\Accounts\Character\Attributes\Reputation.h">
      <Filter>Game\Accounts\Character\Attributes</Filter>
    </ClInclude>
    <ClInclude Include="Network\Packets\Server\Character\S_c_info.h">
      <Filter>Network\Packets\Server\Character</Filter>
    </ClInclude>
    <ClInclude Include="Game\Accounts\Character\Attributes\Position.h">
      <Filter>Game\Accounts\Character\Attributes</Filter>
    </ClInclude>
    <ClInclude Include="Network\Packets\Server\Map\S_at.h">
      <Filter>Network\Packets\Server\Map</Filter>
    </ClInclude>
    <ClInclude Include="Game\UIManager\Ladder\ReputationManager.h">
      <Filter>Game\UIManager\Ladder</Filter>
    </ClInclude>
    <ClInclude Include="Game\UIManager\Ladder\LadderEntity.h">
      <Filter>Game\UIManager\Ladder</Filter>
    </ClInclude>
    <ClInclude Include="Network\Packets\Server\UI\Ladder\S_kdlinit.h">
      <Filter>Network\Packets\Server\UI\Ladder</Filter>
    </ClInclude>
    <ClInclude Include="Game\UIManager\Ladder\Act4PointsManager.h">
      <Filter>Game\UIManager\Ladder</Filter>
    </ClInclude>
    <ClInclude Include="Network\Packets\Server\UI\Ladder\S_flinit.h">
      <Filter>Network\Packets\Server\UI\Ladder</Filter>
    </ClInclude>
    <ClInclude Include="Game\UIManager\Ladder\ComplimentManager.h">
      <Filter>Game\UIManager\Ladder</Filter>
    </ClInclude>
    <ClInclude Include="Network\Packets\Server\UI\Ladder\S_clinit.h">
      <Filter>Network\Packets\Server\UI\Ladder</Filter>
    </ClInclude>
    <ClInclude Include="Network\Packets\Server\Character\S_c_info_reset.h">
      <Filter>Network\Packets\Server\Character</Filter>
    </ClInclude>
    <ClInclude Include="Configuration/ServerConfiguration.h">
      <Filter>Configuration</Filter>
    </ClInclude>
    <ClInclude Include="Configuration\XpConfiguration.h">
      <Filter>Configuration</Filter>
    </ClInclude>
    <ClInclude Include="Network\Packets\Server\Character\S_lev.h">
      <Filter>Network\Packets\Server\Character</Filter>
    </ClInclude>
    <ClInclude Include="Game\Accounts\Character\Attributes\Level.h">
      <Filter>Game\Accounts\Character\Attributes</Filter>
    </ClInclude>
    <ClInclude Include="Network\Packets\Server\Map\S_c_map.h">
      <Filter>Network\Packets\Server\Map</Filter>
    </ClInclude>
    <ClInclude Include="Configuration\CharStatsConfiguration.h">
      <Filter>Configuration</Filter>
    </ClInclude>
    <ClInclude Include="Game\Accounts\Character\Attributes\Inventory\SubInventory.h">
      <Filter>Game\Accounts\Character\Attributes\Inventory</Filter>
    </ClInclude>
    <ClInclude Include="Game\Accounts\Character\Attributes\Inventory\Inventory.h">
      <Filter>Game\Accounts\Character\Attributes\Inventory</Filter>
    </ClInclude>
    <ClInclude Include="Game\Types\InventoryType.h">
      <Filter>Game\Types</Filter>
    </ClInclude>
    <ClInclude Include="Game\Accounts\Character\Attributes\Inventory\Item.h">
      <Filter>Game\Accounts\Character\Attributes\Inventory</Filter>
    </ClInclude>
    <ClInclude Include="Network\Packets\Server\Character\Inventory\S_inv.h">
      <Filter>Network\Packets\Server\Character\Inventory</Filter>
    </ClInclude>
    <ClInclude Include="Network\Packets\Server\Character\Inventory\S_gold.h">
      <Filter>Network\Packets\Server\Character\Inventory</Filter>
    </ClInclude>
    <ClInclude Include="Game\Accounts\Character\Attributes\Title.h">
      <Filter>Game\Accounts\Character\Attributes</Filter>
    </ClInclude>
    <ClInclude Include="Network\Packets\Server\Character\Inventory\S_equip.h">
      <Filter>Network\Packets\Server\Character\Inventory</Filter>
    </ClInclude>
    <ClInclude Include="Game\Accounts\Character\Attributes\Inventory\WornStuff.h">
      <Filter>Game\Accounts\Character\Attributes\Inventory</Filter>
    </ClInclude>
    <ClInclude Include="Configuration\GameFiles\ItemDatParser.h">
      <Filter>Configuration\GameFiles</Filter>
    </ClInclude>
    <ClInclude Include="Game\Accounts\Character\Attributes\Inventory\ShellEffect.h">
      <Filter>Game\Accounts\Character\Attributes\Inventory\ShellAndEnhancement</Filter>
    </ClInclude>
    <ClInclude Include="Game\Accounts\Character\Attributes\Inventory\EnhancementEffect.h">
      <Filter>Game\Accounts\Character\Attributes\Inventory\ShellAndEnhancement</Filter>
    </ClInclude>
    <ClInclude Include="Game\Accounts\Character\Attributes\Inventory\Shell.h">
      <Filter>Game\Accounts\Character\Attributes\Inventory\ShellAndEnhancement</Filter>
    </ClInclude>
    <ClInclude Include="Game\Accounts\Character\Attributes\Inventory\Enhancement.h">
      <Filter>Game\Accounts\Character\Attributes\Inventory\ShellAndEnhancement</Filter>
    </ClInclude>
    <ClInclude Include="Network\Packets\Server\Character\Inventory\S_e_info.h">
      <Filter>Network\Packets\Server\Character\Inventory</Filter>
    </ClInclude>
    <ClInclude Include="Game\Types\NosbazardType.h">
      <Filter>Game\Types</Filter>
    </ClInclude>
    <ClInclude Include="Game\Types\AttackType.h">
      <Filter>Game\Types</Filter>
    </ClInclude>
    <ClInclude Include="Network\Packets\Client\Inventory\R_eqinfo.h">
      <Filter>Network\Packets\Client\Inventory</Filter>
    </ClInclude>
    <ClInclude Include="World\Map\Map.h">
      <Filter>World\Map</Filter>
    </ClInclude>
    <ClInclude Include="Game\Entities\BaseEntity.h">
      <Filter>Game\Entities</Filter>
    </ClInclude>
    <ClInclude Include="Game\Types\PortalType.h">
      <Filter>Game\Types</Filter>
    </ClInclude>
    <ClInclude Include="Game\Types\EntityType.h">
      <Filter>Game\Types</Filter>
    </ClInclude>
    <ClInclude Include="Game\Entities\Monster.h">
      <Filter>Game\Entities</Filter>
    </ClInclude>
    <ClInclude Include="Game\Entities\Portal.h">
      <Filter>Game\Entities</Filter>
    </ClInclude>
    <ClInclude Include="Network\Packets\Server\Map\S_gp.h">
      <Filter>Network\Packets\Server\Map</Filter>
    </ClInclude>
    <ClInclude Include="Network\Packets\Client\Map\R_preq.h">
      <Filter>Network\Packets\Client\Map</Filter>
    </ClInclude>
    <ClInclude Include="World\World.h">
      <Filter>World</Filter>
    </ClInclude>
    <ClInclude Include="Pathfinding\PathfindingUtils.h">
      <Filter>Pathfinding</Filter>
    </ClInclude>
    <ClInclude Include="Network\Packets\Server\Map\S_mapout.h">
      <Filter>Network\Packets\Server\Map</Filter>
    </ClInclude>
    <ClInclude Include="Network\Packets\Server\Character\S_c_mode.h">
      <Filter>Network\Packets\Server\Character</Filter>
    </ClInclude>
    <ClInclude Include="Game\Types\WingType.h">
      <Filter>Game\Types</Filter>
    </ClInclude>
    <ClInclude Include="Network\Packets\Client\Map\R_walk.h">
      <Filter>Network\Packets\Client\Map</Filter>
    </ClInclude>
    <ClInclude Include="Configuration\GameFiles\MonsterDatParser.h" />
  </ItemGroup>
</Project>